
Microsoft Visual Studio Solution File, Format Version 12.00
# Visual Studio Version 17
VisualStudioVersion = 17.7.34202.233
MinimumVisualStudioVersion = 10.0.40219.1
Project("{FAE04EC0-301F-11D3-BF4B-00C04F79EFBC}") = "BreweryProject", "BreweryProject\BreweryProject.csproj", "{44BA4F24-4C05-48A0-ACFC-082501ABDDBD}"
EndProject
Project("{FAE04EC0-301F-11D3-BF4B-00C04F79EFBC}") = "UnitTests", "UnitTests\UnitTests.csproj", "{D56E6559-B977-4B38-8CAA-949F19524FC7}"
	ProjectSection(ProjectDependencies) = postProject
		{44BA4F24-4C05-48A0-ACFC-082501ABDDBD} = {44BA4F24-4C05-48A0-ACFC-082501ABDDBD}
	EndProjectSection
EndProject
Global
	GlobalSection(SolutionConfigurationPlatforms) = preSolution
		Debug|Any CPU = Debug|Any CPU
		Release|Any CPU = Release|Any CPU
	EndGlobalSection
	GlobalSection(ProjectConfigurationPlatforms) = postSolution
		{44BA4F24-4C05-48A0-ACFC-082501ABDDBD}.Debug|Any CPU.ActiveCfg = Debug|Any CPU
		{44BA4F24-4C05-48A0-ACFC-082501ABDDBD}.Debug|Any CPU.Build.0 = Debug|Any CPU
		{44BA4F24-4C05-48A0-ACFC-082501ABDDBD}.Release|Any CPU.ActiveCfg = Release|Any CPU
		{44BA4F24-4C05-48A0-ACFC-082501ABDDBD}.Release|Any CPU.Build.0 = Release|Any CPU
		{D56E6559-B977-4B38-8CAA-949F19524FC7}.Debug|Any CPU.ActiveCfg = Debug|Any CPU
		{D56E6559-B977-4B38-8CAA-949F19524FC7}.Debug|Any CPU.Build.0 = Debug|Any CPU
		{D56E6559-B977-4B38-8CAA-949F19524FC7}.Release|Any CPU.ActiveCfg = Release|Any CPU
		{D56E6559-B977-4B38-8CAA-949F19524FC7}.Release|Any CPU.Build.0 = Release|Any CPU
	EndGlobalSection
	GlobalSection(SolutionProperties) = preSolution
		HideSolutionNode = FALSE
	EndGlobalSection
	GlobalSection(ExtensibilityGlobals) = postSolution
		SolutionGuid = {4A70867A-1A28-4B94-A6C7-81FC2CC75A44}
	EndGlobalSection
EndGlobal
